
Microsoft Visual Studio Solution File, Format Version 12.00
# Visual Studio Version 16
VisualStudioVersion = 16.0.31105.61
MinimumVisualStudioVersion = 10.0.40219.1
Project("{FAE04EC0-301F-11D3-BF4B-00C04F79EFBC}") = "CabDriver", "CabDriver.csproj", "{B62A0FF1-D882-4E0E-A647-286B6D6439B5}"
EndProject
Global
	GlobalSection(SolutionConfigurationPlatforms) = preSolution
		Debug|Any CPU = Debug|Any CPU
		Release|Any CPU = Release|Any CPU
	EndGlobalSection
	GlobalSection(ProjectConfigurationPlatforms) = postSolution
		{B62A0FF1-D882-4E0E-A647-286B6D6439B5}.Debug|Any CPU.ActiveCfg = Debug|Any CPU
		{B62A0FF1-D882-4E0E-A647-286B6D6439B5}.Debug|Any CPU.Build.0 = Debug|Any CPU
		{B62A0FF1-D882-4E0E-A647-286B6D6439B5}.Release|Any CPU.ActiveCfg = Release|Any CPU
		{B62A0FF1-D882-4E0E-A647-286B6D6439B5}.Release|Any CPU.Build.0 = Release|Any CPU
	EndGlobalSection
	GlobalSection(SolutionProperties) = preSolution
		HideSolutionNode = FALSE
	EndGlobalSection
	GlobalSection(ExtensibilityGlobals) = postSolution
		SolutionGuid = {FE3BBD1A-FD15-4EB3-9C56-95C00F9F345D}
	EndGlobalSection
EndGlobal
